
Microsoft Visual Studio Solution File, Format Version 12.00
# Visual Studio 2013
Project("{FAE04EC0-301F-11D3-BF4B-00C04F79EFBC}") = "TauxDeChange", "TauxDeChange\TauxDeChange.csproj", "{CE48F3AE-28BA-4011-BB59-F551D4FD358C}"
EndProject
Global
	GlobalSection(SolutionConfigurationPlatforms) = preSolution
		Debug|Any CPU = Debug|Any CPU
		Release|Any CPU = Release|Any CPU
	EndGlobalSection
	GlobalSection(ProjectConfigurationPlatforms) = postSolution
		{CE48F3AE-28BA-4011-BB59-F551D4FD358C}.Debug|Any CPU.ActiveCfg = Debug|Any CPU
		{CE48F3AE-28BA-4011-BB59-F551D4FD358C}.Debug|Any CPU.Build.0 = Debug|Any CPU
		{CE48F3AE-28BA-4011-BB59-F551D4FD358C}.Release|Any CPU.ActiveCfg = Release|Any CPU
		{CE48F3AE-28BA-4011-BB59-F551D4FD358C}.Release|Any CPU.Build.0 = Release|Any CPU
	EndGlobalSection
EndGlobal
